// !$*UTF8*$!
{
	archiveVersion = 1;
	classes = {
	};
	objectVersion = 46;
	objects = {

/* Begin PBXBuildFile section */
		D0D434F11EB422140078474A /* main.cpp in Sources */ = {isa = PBXBuildFile; fileRef = D0D434F01EB422140078474A /* main.cpp */; };
		D0D434F91EB423500078474A /* Money.cpp in Sources */ = {isa = PBXBuildFile; fileRef = D0D434F81EB423500078474A /* Money.cpp */; };
/* End PBXBuildFile section */

/* Begin PBXCopyFilesBuildPhase section */
		D0D434EB1EB422140078474A /* CopyFiles */ = {
			isa = PBXCopyFilesBuildPhase;
			buildActionMask = 2147483647;
			dstPath = /usr/share/man/man1/;
			dstSubfolderSpec = 0;
			files = (
			);
			runOnlyForDeploymentPostprocessing = 1;
		};
/* End PBXCopyFilesBuildPhase section */

/* Begin PBXFileReference section */
		D0D434ED1EB422140078474A /* Hw6 */ = {isa = PBXFileReference; explicitFileType = "compiled.mach-o.executable"; includeInIndex = 0; path = Hw6; sourceTree = BUILT_PRODUCTS_DIR; };
		D0D434F01EB422140078474A /* main.cpp */ = {isa = PBXFileReference; lastKnownFileType = sourcecode.cpp.cpp; path = main.cpp; sourceTree = "<group>"; };
		D0D434F71EB422360078474A /* Money.h */ = {isa = PBXFileReference; lastKnownFileType = sourcecode.c.h; path = Money.h; sourceTree = "<group>"; };
		D0D434F81EB423500078474A /* Money.cpp */ = {isa = PBXFileReference; fileEncoding = 4; lastKnownFileType = sourcecode.cpp.cpp; path = Money.cpp; sourceTree = "<group>"; };
/* End PBXFileReference section */

/* Begin PBXFrameworksBuildPhase section */
		D0D434EA1EB422140078474A /* Frameworks */ = {
			isa = PBXFrameworksBuildPhase;
			buildActionMask = 2147483647;
			files = (
			);
			runOnlyForDeploymentPostprocessing = 0;
		};
/* End PBXFrameworksBuildPhase section */

/* Begin PBXGroup section */
		D0D434E41EB422140078474A = {
			isa = PBXGroup;
			children = (
				D0D434EF1EB422140078474A /* Hw6 */,
				D0D434EE1EB422140078474A /* Products */,
			);
			sourceTree = "<group>";
		};
		D0D434EE1EB422140078474A /* Products */ = {
			isa = PBXGroup;
			children = (
				D0D434ED1EB422140078474A /* Hw6 */,
			);
			name = Products;
			sourceTree = "<group>";
		};
		D0D434EF1EB422140078474A /* Hw6 */ = {
			isa = PBXGroup;
			children = (
				D0D434F01EB422140078474A /* main.cpp */,
				D0D434F71EB422360078474A /* Money.h */,
				D0D434F81EB423500078474A /* Money.cpp */,
			);
			path = Hw6;
			sourceTree = "<group>";
		};
/* End PBXGroup section */

/* Begin PBXNativeTarget section */
		D0D434EC1EB422140078474A /* Hw6 */ = {
			isa = PBXNativeTarget;
			buildConfigurationList = D0D434F41EB422140078474A /* Build configuration list for PBXNativeTarget "Hw6" */;
			buildPhases = (
				D0D434E91EB422140078474A /* Sources */,
				D0D434EA1EB422140078474A /* Frameworks */,
				D0D434EB1EB422140078474A /* CopyFiles */,
			);
			buildRules = (
			);
			dependencies = (
			);
			name = Hw6;
			productName = Hw6;
			productReference = D0D434ED1EB422140078474A /* Hw6 */;
			productType = "com.apple.product-type.tool";
		};
/* End PBXNativeTarget section */

/* Begin PBXProject section */
		D0D434E51EB422140078474A /* Project object */ = {
			isa = PBXProject;
			attributes = {
				LastUpgradeCheck = 0830;
				ORGANIZATIONNAME = "Jim Samson";
				TargetAttributes = {
					D0D434EC1EB422140078474A = {
						CreatedOnToolsVersion = 8.3.2;
						DevelopmentTeam = 4C6J8XYC3B;
						ProvisioningStyle = Automatic;
					};
				};
			};
			buildConfigurationList = D0D434E81EB422140078474A /* Build configuration list for PBXProject "Hw6" */;
			compatibilityVersion = "Xcode 3.2";
			developmentRegion = English;
			hasScannedForEncodings = 0;
			knownRegions = (
				en,
			);
			mainGroup = D0D434E41EB422140078474A;
			productRefGroup = D0D434EE1EB422140078474A /* Products */;
			projectDirPath = "";
			projectRoot = "";
			targets = (
				D0D434EC1EB422140078474A /* Hw6 */,
			);
		};
/* End PBXProject section */

/* Begin PBXSourcesBuildPhase section */
		D0D434E91EB422140078474A /* Sources */ = {
			isa = PBXSourcesBuildPhase;
			buildActionMask = 2147483647;
			files = (
				D0D434F91EB423500078474A /* Money.cpp in Sources */,
				D0D434F11EB422140078474A /* main.cpp in Sources */,
			);
			runOnlyForDeploymentPostprocessing = 0;
		};
/* End PBXSourcesBuildPhase section */

/* Begin XCBuildConfiguration section */
		D0D434F21EB422140078474A /* Debug */ = {
			isa = XCBuildConfiguration;
			buildSettings = {
				ALWAYS_SEARCH_USER_PATHS = NO;
				CLANG_ANALYZER_NONNULL = YES;
				CLANG_ANALYZER_NUMBER_OBJECT_CONVERSION = YES_AGGRESSIVE;
				CLANG_CXX_LANGUAGE_STANDARD = "gnu++0x";
				CLANG_CXX_LIBRARY = "libc++";
				CLANG_ENABLE_MODULES = YES;
				CLANG_ENABLE_OBJC_ARC = YES;
				CLANG_WARN_BOOL_CONVERSION = YES;
				CLANG_WARN_CONSTANT_CONVERSION = YES;
				CLANG_WARN_DIRECT_OBJC_ISA_USAGE = YES_ERROR;
				CLANG_WARN_DOCUMENTATION_COMMENTS = YES;
				CLANG_WARN_EMPTY_BODY = YES;
				CLANG_WARN_ENUM_CONVERSION = YES;
				CLANG_WARN_INFINITE_RECURSION = YES;
				CLANG_WARN_INT_CONVERSION = YES;
				CLANG_WARN_OBJC_ROOT_CLASS = YES_ERROR;
				CLANG_WARN_SUSPICIOUS_MOVE = YES;
				CLANG_WARN_UNREACHABLE_CODE = YES;
				CLANG_WARN__DUPLICATE_METHOD_MATCH = YES;
				CODE_SIGN_IDENTITY = "-";
				COPY_PHASE_STRIP = NO;
				DEBUG_INFORMATION_FORMAT = dwarf;
				ENABLE_STRICT_OBJC_MSGSEND = YES;
				ENABLE_TESTABILITY = YES;
				GCC_C_LANGUAGE_STANDARD = gnu99;
				GCC_DYNAMIC_NO_PIC = NO;
				GCC_NO_COMMON_BLOCKS = YES;
				GCC_OPTIMIZATION_LEVEL = 0;
				GCC_PREPROCESSOR_DEFINITIONS = (
					"DEBUG=1",
					"$(inherited)",
				);
				GCC_WARN_64_TO_32_BIT_CONVERSION = YES;
				GCC_WARN_ABOUT_RETURN_TYPE = YES_ERROR;
				GCC_WARN_UNDECLARED_SELECTOR = YES;
				GCC_WARN_UNINITIALIZED_AUTOS = YES_AGGRESSIVE;
				GCC_WARN_UNUSED_FUNCTION = YES;
				GCC_WARN_UNUSED_VARIABLE = YES;
				MACOSX_DEPLOYMENT_TARGET = 10.12;
				MTL_ENABLE_DEBUG_INFO = YES;
				ONLY_ACTIVE_ARCH = YES;
				SDKROOT = macosx;
			};
			name = Debug;
		};
		D0D434F31EB422140078474A /* Release */ = {
			isa = XCBuildConfiguration;
			buildSettings = {
				ALWAYS_SEARCH_USER_PATHS = NO;
				CLANG_ANALYZER_NONNULL = YES;
				CLANG_ANALYZER_NUMBER_OBJECT_CONVERSION = YES_AGGRESSIVE;
				CLANG_CXX_LANGUAGE_STANDARD = "gnu++0x";
				CLANG_CXX_LIBRARY = "libc++";
				CLANG_ENABLE_MODULES = YES;
				CLANG_ENABLE_OBJC_ARC = YES;
				CLANG_WARN_BOOL_CONVERSION = YES;
				CLANG_WARN_CONSTANT_CONVERSION = YES;
				CLANG_WARN_DIRECT_OBJC_ISA_USAGE = YES_ERROR;
				CLANG_WARN_DOCUMENTATION_COMMENTS = YES;
				CLANG_WARN_EMPTY_BODY = YES;
				CLANG_WARN_ENUM_CONVERSION = YES;
				CLANG_WARN_INFINITE_RECURSION = YES;
				CLANG_WARN_INT_CONVERSION = YES;
				CLANG_WARN_OBJC_ROOT_CLASS = YES_ERROR;
				CLANG_WARN_SUSPICIOUS_MOVE = YES;
				CLANG_WARN_UNREACHABLE_CODE = YES;
				CLANG_WARN__DUPLICATE_METHOD_MATCH = YES;
				CODE_SIGN_IDENTITY = "-";
				COPY_PHASE_STRIP = NO;
				DEBUG_INFORMATION_FORMAT = "dwarf-with-dsym";
				ENABLE_NS_ASSERTIONS = NO;
				ENABLE_STRICT_OBJC_MSGSEND = YES;
				GCC_C_LANGUAGE_STANDARD = gnu99;
				GCC_NO_COMMON_BLOCKS = YES;
				GCC_WARN_64_TO_32_BIT_CONVERSION = YES;
				GCC_WARN_ABOUT_RETURN_TYPE = YES_ERROR;
				GCC_WARN_UNDECLARED_SELECTOR = YES;
				GCC_WARN_UNINITIALIZED_AUTOS = YES_AGGRESSIVE;
				GCC_WARN_UNUSED_FUNCTION = YES;
				GCC_WARN_UNUSED_VARIABLE = YES;
				MACOSX_DEPLOYMENT_TARGET = 10.12;
				MTL_ENABLE_DEBUG_INFO = NO;
				SDKROOT = macosx;
			};
			name = Release;
		};
		D0D434F51EB422140078474A /* Debug */ = {
			isa = XCBuildConfiguration;
			buildSettings = {
				DEVELOPMENT_TEAM = 4C6J8XYC3B;
				PRODUCT_NAME = "$(TARGET_NAME)";
			};
			name = Debug;
		};
		D0D434F61EB422140078474A /* Release */ = {
			isa = XCBuildConfiguration;
			buildSettings = {
				DEVELOPMENT_TEAM = 4C6J8XYC3B;
				PRODUCT_NAME = "$(TARGET_NAME)";
			};
			name = Release;
		};
/* End XCBuildConfiguration section */

/* Begin XCConfigurationList section */
		D0D434E81EB422140078474A /* Build configuration list for PBXProject "Hw6" */ = {
			isa = XCConfigurationList;
			buildConfigurations = (
				D0D434F21EB422140078474A /* Debug */,
				D0D434F31EB422140078474A /* Release */,
			);
			defaultConfigurationIsVisible = 0;
			defaultConfigurationName = Release;
		};
		D0D434F41EB422140078474A /* Build configuration list for PBXNativeTarget "Hw6" */ = {
			isa = XCConfigurationList;
			buildConfigurations = (
				D0D434F51EB422140078474A /* Debug */,
				D0D434F61EB422140078474A /* Release */,
			);
			defaultConfigurationIsVisible = 0;
			defaultConfigurationName = Release;
		};
/* End XCConfigurationList section */
	};
	rootObject = D0D434E51EB422140078474A /* Project object */;
}
