// !$*UTF8*$!
{
	archiveVersion = 1;
	classes = {
	};
	objectVersion = 46;
	objects = {

/* Begin PBXBuildFile section */
		D01305D21F9195EB0031F3C3 /* SpriteTextureManager.cpp in Sources */ = {isa = PBXBuildFile; fileRef = D01305D01F9195EB0031F3C3 /* SpriteTextureManager.cpp */; };
		D0643ACC1F86FAC7007321E4 /* MainMenu.wav in Resources */ = {isa = PBXBuildFile; fileRef = D0643ACB1F86FAC7007321E4 /* MainMenu.wav */; };
		D0643AFC1F8700CD007321E4 /* parallax-mountain-trees.png in Resources */ = {isa = PBXBuildFile; fileRef = D0643AF71F8700CD007321E4 /* parallax-mountain-trees.png */; };
		D0643AFD1F8700CD007321E4 /* parallax-mountain-mountains.png in Resources */ = {isa = PBXBuildFile; fileRef = D0643AF81F8700CD007321E4 /* parallax-mountain-mountains.png */; };
		D0643AFE1F8700CD007321E4 /* parallax-mountain-mountain-far.png in Resources */ = {isa = PBXBuildFile; fileRef = D0643AF91F8700CD007321E4 /* parallax-mountain-mountain-far.png */; };
		D0643AFF1F8700CD007321E4 /* parallax-mountain-bg.png in Resources */ = {isa = PBXBuildFile; fileRef = D0643AFA1F8700CD007321E4 /* parallax-mountain-bg.png */; };
		D0643B001F8700CD007321E4 /* parallax-mountain-foreground-trees.png in Resources */ = {isa = PBXBuildFile; fileRef = D0643AFB1F8700CD007321E4 /* parallax-mountain-foreground-trees.png */; };
		D0643B1F1F8732F8007321E4 /* MusicManager.cpp in Sources */ = {isa = PBXBuildFile; fileRef = D0643B1D1F8732F8007321E4 /* MusicManager.cpp */; };
		D06FF0291F3BEEB2008B6B41 /* ResourcePath.mm in Sources */ = {isa = PBXBuildFile; fileRef = D06FF0281F3BEEB2008B6B41 /* ResourcePath.mm */; };
		D06FF02C1F3BEEB2008B6B41 /* main.cpp in Sources */ = {isa = PBXBuildFile; fileRef = D06FF02B1F3BEEB2008B6B41 /* main.cpp */; };
		D07BF4E41F96290400AF60F6 /* Apple Color Emoji.ttc in Resources */ = {isa = PBXBuildFile; fileRef = D07BF4E21F96290400AF60F6 /* Apple Color Emoji.ttc */; };
		D07BF4E51F96290400AF60F6 /* Times.dfont in Resources */ = {isa = PBXBuildFile; fileRef = D07BF4E31F96290400AF60F6 /* Times.dfont */; };
		D07BF4E81F96293F00AF60F6 /* TextManager.cpp in Sources */ = {isa = PBXBuildFile; fileRef = D07BF4E61F96293F00AF60F6 /* TextManager.cpp */; };
		D07BF4EA1F962FEA00AF60F6 /* Keyboard.ttf in Resources */ = {isa = PBXBuildFile; fileRef = D07BF4E91F962FE900AF60F6 /* Keyboard.ttf */; };
		D07BF4ED1F96A72C00AF60F6 /* SoundManager.cpp in Sources */ = {isa = PBXBuildFile; fileRef = D07BF4EB1F96A72C00AF60F6 /* SoundManager.cpp */; };
		D07BF4F11F96C49E00AF60F6 /* Simple.wav in Resources */ = {isa = PBXBuildFile; fileRef = D07BF4EE1F96C49D00AF60F6 /* Simple.wav */; };
		D07BF4F21F96C49E00AF60F6 /* interesting.wav in Resources */ = {isa = PBXBuildFile; fileRef = D07BF4EF1F96C49D00AF60F6 /* interesting.wav */; };
		D07BF4F31F96C49E00AF60F6 /* beepBoop.wav in Resources */ = {isa = PBXBuildFile; fileRef = D07BF4F01F96C49D00AF60F6 /* beepBoop.wav */; };
		D07BF5051F9A08C500AF60F6 /* Logomakr_Jim.png in Resources */ = {isa = PBXBuildFile; fileRef = D07BF5041F9A08C500AF60F6 /* Logomakr_Jim.png */; };
		D0BF18831F628EE600E36A2E /* GameLoop.cpp in Sources */ = {isa = PBXBuildFile; fileRef = D0BF18811F628EE600E36A2E /* GameLoop.cpp */; };
		D0BF18861F62906500E36A2E /* ParentState.cpp in Sources */ = {isa = PBXBuildFile; fileRef = D0BF18841F62906500E36A2E /* ParentState.cpp */; };
		D0BF18891F62931400E36A2E /* PlayerSprite.cpp in Sources */ = {isa = PBXBuildFile; fileRef = D0BF18871F62931400E36A2E /* PlayerSprite.cpp */; };
		D0BF188C1F6293D500E36A2E /* DisplayWindow.cpp in Sources */ = {isa = PBXBuildFile; fileRef = D0BF188A1F6293D500E36A2E /* DisplayWindow.cpp */; };
		D0BF18951F62981900E36A2E /* MainMenuState.cpp in Sources */ = {isa = PBXBuildFile; fileRef = D0BF18931F62981900E36A2E /* MainMenuState.cpp */; };
		D0BF189B1F649D1100E36A2E /* PlayState.cpp in Sources */ = {isa = PBXBuildFile; fileRef = D0BF18991F649D1100E36A2E /* PlayState.cpp */; };
		D0C7278A1F94B7BA00A88065 /* SquareWaveGenerator.asm in Sources */ = {isa = PBXBuildFile; fileRef = D0C727891F94B7BA00A88065 /* SquareWaveGenerator.asm */; };
		D0C7278E1F9556CC00A88065 /* RectangleSprite.cpp in Sources */ = {isa = PBXBuildFile; fileRef = D0C7278C1F9556CC00A88065 /* RectangleSprite.cpp */; };
/* End PBXBuildFile section */

/* Begin PBXBuildRule section */
		D0C7278B1F94B80800A88065 /* PBXBuildRule */ = {
			isa = PBXBuildRule;
			compilerSpec = com.apple.compilers.proxy.script;
			filePatterns = "*.asm";
			fileType = pattern.proxy;
			isEditable = 1;
			outputFiles = (
				"$(DERIVED_FILE_DIR)/${INPUT_FILE_BASE}.o",
			);
			script = "/usr/local/bin/nasm -f macho64 ${INPUT_FILE_PATH} -o ${SCRIPT_OUTPUT_FILE_0}\n";
		};
/* End PBXBuildRule section */

/* Begin PBXFileReference section */
		D01305D01F9195EB0031F3C3 /* SpriteTextureManager.cpp */ = {isa = PBXFileReference; lastKnownFileType = sourcecode.cpp.cpp; path = SpriteTextureManager.cpp; sourceTree = "<group>"; };
		D01305D11F9195EB0031F3C3 /* SpriteTextureManager.hpp */ = {isa = PBXFileReference; lastKnownFileType = sourcecode.cpp.h; path = SpriteTextureManager.hpp; sourceTree = "<group>"; };
		D0643ACB1F86FAC7007321E4 /* MainMenu.wav */ = {isa = PBXFileReference; lastKnownFileType = audio.wav; name = MainMenu.wav; path = ../../../../../../Downloads/MainMenu.wav; sourceTree = "<group>"; };
		D0643AF71F8700CD007321E4 /* parallax-mountain-trees.png */ = {isa = PBXFileReference; lastKnownFileType = image.png; name = "parallax-mountain-trees.png"; path = "../../../../../../Downloads/parallax_mountain_pack/layers/parallax-mountain-trees.png"; sourceTree = "<group>"; };
		D0643AF81F8700CD007321E4 /* parallax-mountain-mountains.png */ = {isa = PBXFileReference; lastKnownFileType = image.png; name = "parallax-mountain-mountains.png"; path = "../../../../../../Downloads/parallax_mountain_pack/layers/parallax-mountain-mountains.png"; sourceTree = "<group>"; };
		D0643AF91F8700CD007321E4 /* parallax-mountain-mountain-far.png */ = {isa = PBXFileReference; lastKnownFileType = image.png; name = "parallax-mountain-mountain-far.png"; path = "../../../../../../Downloads/parallax_mountain_pack/layers/parallax-mountain-mountain-far.png"; sourceTree = "<group>"; };
		D0643AFA1F8700CD007321E4 /* parallax-mountain-bg.png */ = {isa = PBXFileReference; lastKnownFileType = image.png; name = "parallax-mountain-bg.png"; path = "../../../../../../Downloads/parallax_mountain_pack/layers/parallax-mountain-bg.png"; sourceTree = "<group>"; };
		D0643AFB1F8700CD007321E4 /* parallax-mountain-foreground-trees.png */ = {isa = PBXFileReference; lastKnownFileType = image.png; name = "parallax-mountain-foreground-trees.png"; path = "../../../../../../Downloads/parallax_mountain_pack/layers/parallax-mountain-foreground-trees.png"; sourceTree = "<group>"; };
		D0643B1D1F8732F8007321E4 /* MusicManager.cpp */ = {isa = PBXFileReference; lastKnownFileType = sourcecode.cpp.cpp; path = MusicManager.cpp; sourceTree = "<group>"; };
		D0643B1E1F8732F8007321E4 /* MusicManager.hpp */ = {isa = PBXFileReference; lastKnownFileType = sourcecode.cpp.h; path = MusicManager.hpp; sourceTree = "<group>"; };
		D06FF0231F3BEEB2008B6B41 /* Frontier.app */ = {isa = PBXFileReference; explicitFileType = wrapper.application; includeInIndex = 0; path = Frontier.app; sourceTree = BUILT_PRODUCTS_DIR; };
		D06FF0271F3BEEB2008B6B41 /* Frontier-Info.plist */ = {isa = PBXFileReference; lastKnownFileType = text.plist.xml; path = "Frontier-Info.plist"; sourceTree = "<group>"; };
		D06FF0281F3BEEB2008B6B41 /* ResourcePath.mm */ = {isa = PBXFileReference; lastKnownFileType = sourcecode.cpp.objcpp; path = ResourcePath.mm; sourceTree = "<group>"; };
		D06FF02A1F3BEEB2008B6B41 /* ResourcePath.hpp */ = {isa = PBXFileReference; lastKnownFileType = sourcecode.cpp.h; path = ResourcePath.hpp; sourceTree = "<group>"; };
		D06FF02B1F3BEEB2008B6B41 /* main.cpp */ = {isa = PBXFileReference; lastKnownFileType = sourcecode.cpp.cpp; path = main.cpp; sourceTree = "<group>"; };
		D07BF4E21F96290400AF60F6 /* Apple Color Emoji.ttc */ = {isa = PBXFileReference; lastKnownFileType = file; name = "Apple Color Emoji.ttc"; path = "../../../../../Apple Color Emoji.ttc"; sourceTree = "<group>"; };
		D07BF4E31F96290400AF60F6 /* Times.dfont */ = {isa = PBXFileReference; lastKnownFileType = file; name = Times.dfont; path = ../../../../../Times.dfont; sourceTree = "<group>"; };
		D07BF4E61F96293F00AF60F6 /* TextManager.cpp */ = {isa = PBXFileReference; lastKnownFileType = sourcecode.cpp.cpp; path = TextManager.cpp; sourceTree = "<group>"; };
		D07BF4E71F96293F00AF60F6 /* TextManager.hpp */ = {isa = PBXFileReference; lastKnownFileType = sourcecode.cpp.h; path = TextManager.hpp; sourceTree = "<group>"; };
		D07BF4E91F962FE900AF60F6 /* Keyboard.ttf */ = {isa = PBXFileReference; lastKnownFileType = file; name = Keyboard.ttf; path = ../../../../../Keyboard.ttf; sourceTree = "<group>"; };
		D07BF4EB1F96A72C00AF60F6 /* SoundManager.cpp */ = {isa = PBXFileReference; lastKnownFileType = sourcecode.cpp.cpp; path = SoundManager.cpp; sourceTree = "<group>"; };
		D07BF4EC1F96A72C00AF60F6 /* SoundManager.hpp */ = {isa = PBXFileReference; lastKnownFileType = sourcecode.cpp.h; path = SoundManager.hpp; sourceTree = "<group>"; };
		D07BF4EE1F96C49D00AF60F6 /* Simple.wav */ = {isa = PBXFileReference; lastKnownFileType = audio.wav; name = Simple.wav; path = ../../../../../../Downloads/Simple.wav; sourceTree = "<group>"; };
		D07BF4EF1F96C49D00AF60F6 /* interesting.wav */ = {isa = PBXFileReference; lastKnownFileType = audio.wav; name = interesting.wav; path = ../../../../../../Downloads/interesting.wav; sourceTree = "<group>"; };
		D07BF4F01F96C49D00AF60F6 /* beepBoop.wav */ = {isa = PBXFileReference; lastKnownFileType = audio.wav; name = beepBoop.wav; path = ../../../../../../Downloads/beepBoop.wav; sourceTree = "<group>"; };
		D07BF5041F9A08C500AF60F6 /* Logomakr_Jim.png */ = {isa = PBXFileReference; lastKnownFileType = image.png; name = Logomakr_Jim.png; path = ../../../../../../Downloads/Logomakr_Jim.png; sourceTree = "<group>"; };
		D0BF18811F628EE600E36A2E /* GameLoop.cpp */ = {isa = PBXFileReference; fileEncoding = 4; lastKnownFileType = sourcecode.cpp.cpp; path = GameLoop.cpp; sourceTree = "<group>"; };
		D0BF18821F628EE600E36A2E /* GameLoop.hpp */ = {isa = PBXFileReference; fileEncoding = 4; lastKnownFileType = sourcecode.cpp.h; path = GameLoop.hpp; sourceTree = "<group>"; };
		D0BF18841F62906500E36A2E /* ParentState.cpp */ = {isa = PBXFileReference; fileEncoding = 4; lastKnownFileType = sourcecode.cpp.cpp; path = ParentState.cpp; sourceTree = "<group>"; };
		D0BF18851F62906500E36A2E /* ParentState.hpp */ = {isa = PBXFileReference; fileEncoding = 4; lastKnownFileType = sourcecode.cpp.h; path = ParentState.hpp; sourceTree = "<group>"; };
		D0BF18871F62931400E36A2E /* PlayerSprite.cpp */ = {isa = PBXFileReference; fileEncoding = 4; lastKnownFileType = sourcecode.cpp.cpp; path = PlayerSprite.cpp; sourceTree = "<group>"; };
		D0BF18881F62931400E36A2E /* PlayerSprite.hpp */ = {isa = PBXFileReference; fileEncoding = 4; lastKnownFileType = sourcecode.cpp.h; path = PlayerSprite.hpp; sourceTree = "<group>"; };
		D0BF188A1F6293D500E36A2E /* DisplayWindow.cpp */ = {isa = PBXFileReference; fileEncoding = 4; lastKnownFileType = sourcecode.cpp.cpp; path = DisplayWindow.cpp; sourceTree = "<group>"; };
		D0BF188B1F6293D500E36A2E /* DisplayWindow.hpp */ = {isa = PBXFileReference; fileEncoding = 4; lastKnownFileType = sourcecode.cpp.h; path = DisplayWindow.hpp; sourceTree = "<group>"; };
		D0BF188E1F62955600E36A2E /* ParentOfSprites.hpp */ = {isa = PBXFileReference; fileEncoding = 4; lastKnownFileType = sourcecode.cpp.h; path = ParentOfSprites.hpp; sourceTree = "<group>"; };
		D0BF18931F62981900E36A2E /* MainMenuState.cpp */ = {isa = PBXFileReference; fileEncoding = 4; lastKnownFileType = sourcecode.cpp.cpp; path = MainMenuState.cpp; sourceTree = "<group>"; };
		D0BF18941F62981900E36A2E /* MainMenuState.hpp */ = {isa = PBXFileReference; fileEncoding = 4; lastKnownFileType = sourcecode.cpp.h; path = MainMenuState.hpp; sourceTree = "<group>"; };
		D0BF18991F649D1100E36A2E /* PlayState.cpp */ = {isa = PBXFileReference; fileEncoding = 4; lastKnownFileType = sourcecode.cpp.cpp; path = PlayState.cpp; sourceTree = "<group>"; };
		D0BF189A1F649D1100E36A2E /* PlayState.hpp */ = {isa = PBXFileReference; fileEncoding = 4; lastKnownFileType = sourcecode.cpp.h; path = PlayState.hpp; sourceTree = "<group>"; };
		D0C727891F94B7BA00A88065 /* SquareWaveGenerator.asm */ = {isa = PBXFileReference; lastKnownFileType = sourcecode.asm.asm; path = SquareWaveGenerator.asm; sourceTree = "<group>"; };
		D0C7278C1F9556CC00A88065 /* RectangleSprite.cpp */ = {isa = PBXFileReference; lastKnownFileType = sourcecode.cpp.cpp; path = RectangleSprite.cpp; sourceTree = "<group>"; };
		D0C7278D1F9556CC00A88065 /* RectangleSprite.hpp */ = {isa = PBXFileReference; lastKnownFileType = sourcecode.cpp.h; path = RectangleSprite.hpp; sourceTree = "<group>"; };
/* End PBXFileReference section */

/* Begin PBXFrameworksBuildPhase section */
		D06FF01F1F3BEEB2008B6B41 /* Frameworks */ = {
			isa = PBXFrameworksBuildPhase;
			buildActionMask = 2147483647;
			files = (
			);
			runOnlyForDeploymentPostprocessing = 0;
		};
/* End PBXFrameworksBuildPhase section */

/* Begin PBXGroup section */
		D0643B011F8709C7007321E4 /* ResourceManager */ = {
			isa = PBXGroup;
			children = (
				D06FF0281F3BEEB2008B6B41 /* ResourcePath.mm */,
				D06FF02A1F3BEEB2008B6B41 /* ResourcePath.hpp */,
			);
			name = ResourceManager;
			sourceTree = "<group>";
		};
		D0643B151F8731A1007321E4 /* States */ = {
			isa = PBXGroup;
			children = (
				D0BF18931F62981900E36A2E /* MainMenuState.cpp */,
				D0BF18941F62981900E36A2E /* MainMenuState.hpp */,
				D0BF18991F649D1100E36A2E /* PlayState.cpp */,
				D0BF189A1F649D1100E36A2E /* PlayState.hpp */,
			);
			name = States;
			sourceTree = "<group>";
		};
		D0643B161F8731BB007321E4 /* ParentClasses */ = {
			isa = PBXGroup;
			children = (
				D0BF18841F62906500E36A2E /* ParentState.cpp */,
				D0BF18851F62906500E36A2E /* ParentState.hpp */,
				D0BF188E1F62955600E36A2E /* ParentOfSprites.hpp */,
			);
			name = ParentClasses;
			sourceTree = "<group>";
		};
		D0643B171F8731D8007321E4 /* Sprites/Objects */ = {
			isa = PBXGroup;
			children = (
				D0C7278C1F9556CC00A88065 /* RectangleSprite.cpp */,
				D0C7278D1F9556CC00A88065 /* RectangleSprite.hpp */,
				D0BF18871F62931400E36A2E /* PlayerSprite.cpp */,
				D0BF18881F62931400E36A2E /* PlayerSprite.hpp */,
				D01305D01F9195EB0031F3C3 /* SpriteTextureManager.cpp */,
				D01305D11F9195EB0031F3C3 /* SpriteTextureManager.hpp */,
				D07BF4E61F96293F00AF60F6 /* TextManager.cpp */,
				D07BF4E71F96293F00AF60F6 /* TextManager.hpp */,
			);
			name = Sprites/Objects;
			sourceTree = "<group>";
		};
		D0643B181F8731EF007321E4 /* Display/Media Management */ = {
			isa = PBXGroup;
			children = (
				D0BF188A1F6293D500E36A2E /* DisplayWindow.cpp */,
				D0BF188B1F6293D500E36A2E /* DisplayWindow.hpp */,
				D0643B1D1F8732F8007321E4 /* MusicManager.cpp */,
				D0643B1E1F8732F8007321E4 /* MusicManager.hpp */,
				D07BF4EB1F96A72C00AF60F6 /* SoundManager.cpp */,
				D07BF4EC1F96A72C00AF60F6 /* SoundManager.hpp */,
				D0C727891F94B7BA00A88065 /* SquareWaveGenerator.asm */,
			);
			name = "Display/Media Management";
			sourceTree = "<group>";
		};
		D06FF0191F3BEEB2008B6B41 = {
			isa = PBXGroup;
			children = (
				D06FF0251F3BEEB2008B6B41 /* Frontier */,
				D06FF0241F3BEEB2008B6B41 /* Products */,
			);
			sourceTree = "<group>";
		};
		D06FF0241F3BEEB2008B6B41 /* Products */ = {
			isa = PBXGroup;
			children = (
				D06FF0231F3BEEB2008B6B41 /* Frontier.app */,
			);
			name = Products;
			sourceTree = "<group>";
		};
		D06FF0251F3BEEB2008B6B41 /* Frontier */ = {
			isa = PBXGroup;
			children = (
				D06FF02B1F3BEEB2008B6B41 /* main.cpp */,
				D0BF18811F628EE600E36A2E /* GameLoop.cpp */,
				D0BF18821F628EE600E36A2E /* GameLoop.hpp */,
				D0643B181F8731EF007321E4 /* Display/Media Management */,
				D0643B171F8731D8007321E4 /* Sprites/Objects */,
				D0643B161F8731BB007321E4 /* ParentClasses */,
				D0643B151F8731A1007321E4 /* States */,
				D0643B011F8709C7007321E4 /* ResourceManager */,
				D06FF02D1F3BEEB2008B6B41 /* Resources */,
				D06FF0261F3BEEB2008B6B41 /* Supporting Files */,
			);
			path = Frontier;
			sourceTree = "<group>";
		};
		D06FF0261F3BEEB2008B6B41 /* Supporting Files */ = {
			isa = PBXGroup;
			children = (
				D06FF0271F3BEEB2008B6B41 /* Frontier-Info.plist */,
			);
			name = "Supporting Files";
			sourceTree = "<group>";
		};
		D06FF02D1F3BEEB2008B6B41 /* Resources */ = {
			isa = PBXGroup;
			children = (
				D07BF5041F9A08C500AF60F6 /* Logomakr_Jim.png */,
				D07BF4F01F96C49D00AF60F6 /* beepBoop.wav */,
				D07BF4EF1F96C49D00AF60F6 /* interesting.wav */,
				D07BF4EE1F96C49D00AF60F6 /* Simple.wav */,
				D07BF4E91F962FE900AF60F6 /* Keyboard.ttf */,
				D0643AFA1F8700CD007321E4 /* parallax-mountain-bg.png */,
				D0643AFB1F8700CD007321E4 /* parallax-mountain-foreground-trees.png */,
				D0643AF91F8700CD007321E4 /* parallax-mountain-mountain-far.png */,
				D0643AF81F8700CD007321E4 /* parallax-mountain-mountains.png */,
				D0643AF71F8700CD007321E4 /* parallax-mountain-trees.png */,
				D0643ACB1F86FAC7007321E4 /* MainMenu.wav */,
				D07BF4E21F96290400AF60F6 /* Apple Color Emoji.ttc */,
				D07BF4E31F96290400AF60F6 /* Times.dfont */,
			);
			name = Resources;
			sourceTree = "<group>";
		};
/* End PBXGroup section */

/* Begin PBXNativeTarget section */
		D06FF0221F3BEEB2008B6B41 /* Frontier */ = {
			isa = PBXNativeTarget;
			buildConfigurationList = D06FF0381F3BEEB2008B6B41 /* Build configuration list for PBXNativeTarget "Frontier" */;
			buildPhases = (
				D06FF01E1F3BEEB2008B6B41 /* Sources */,
				D06FF01F1F3BEEB2008B6B41 /* Frameworks */,
				D06FF0201F3BEEB2008B6B41 /* Resources */,
				D06FF0211F3BEEB2008B6B41 /* ShellScript */,
			);
			buildRules = (
				D0C7278B1F94B80800A88065 /* PBXBuildRule */,
			);
			dependencies = (
			);
			name = Frontier;
			productName = Frontier;
			productReference = D06FF0231F3BEEB2008B6B41 /* Frontier.app */;
			productType = "com.apple.product-type.application";
		};
/* End PBXNativeTarget section */

/* Begin PBXProject section */
		D06FF01A1F3BEEB2008B6B41 /* Project object */ = {
			isa = PBXProject;
			attributes = {
				LastUpgradeCheck = 0900;
				ORGANIZATIONNAME = "Jim Samson";
				TargetAttributes = {
					D06FF0221F3BEEB2008B6B41 = {
						CreatedOnToolsVersion = 8.3.3;
						DevelopmentTeam = 4C6J8XYC3B;
						ProvisioningStyle = Automatic;
					};
				};
			};
			buildConfigurationList = D06FF01D1F3BEEB2008B6B41 /* Build configuration list for PBXProject "Frontier" */;
			compatibilityVersion = "Xcode 3.2";
			developmentRegion = English;
			hasScannedForEncodings = 0;
			knownRegions = (
				en,
			);
			mainGroup = D06FF0191F3BEEB2008B6B41;
			productRefGroup = D06FF0241F3BEEB2008B6B41 /* Products */;
			projectDirPath = "";
			projectRoot = "";
			targets = (
				D06FF0221F3BEEB2008B6B41 /* Frontier */,
			);
		};
/* End PBXProject section */

/* Begin PBXResourcesBuildPhase section */
		D06FF0201F3BEEB2008B6B41 /* Resources */ = {
			isa = PBXResourcesBuildPhase;
			buildActionMask = 2147483647;
			files = (
				D07BF5051F9A08C500AF60F6 /* Logomakr_Jim.png in Resources */,
				D0643B001F8700CD007321E4 /* parallax-mountain-foreground-trees.png in Resources */,
				D0643ACC1F86FAC7007321E4 /* MainMenu.wav in Resources */,
				D07BF4F11F96C49E00AF60F6 /* Simple.wav in Resources */,
				D0643AFF1F8700CD007321E4 /* parallax-mountain-bg.png in Resources */,
				D0643AFD1F8700CD007321E4 /* parallax-mountain-mountains.png in Resources */,
				D0643AFE1F8700CD007321E4 /* parallax-mountain-mountain-far.png in Resources */,
				D07BF4E41F96290400AF60F6 /* Apple Color Emoji.ttc in Resources */,
				D07BF4F21F96C49E00AF60F6 /* interesting.wav in Resources */,
				D07BF4E51F96290400AF60F6 /* Times.dfont in Resources */,
				D0643AFC1F8700CD007321E4 /* parallax-mountain-trees.png in Resources */,
				D07BF4F31F96C49E00AF60F6 /* beepBoop.wav in Resources */,
				D07BF4EA1F962FEA00AF60F6 /* Keyboard.ttf in Resources */,
			);
			runOnlyForDeploymentPostprocessing = 0;
		};
/* End PBXResourcesBuildPhase section */

/* Begin PBXShellScriptBuildPhase section */
		D06FF0211F3BEEB2008B6B41 /* ShellScript */ = {
			isa = PBXShellScriptBuildPhase;
			buildActionMask = 2147483647;
			files = (
			);
			inputPaths = (
			);
			outputPaths = (
			);
			runOnlyForDeploymentPostprocessing = 0;
			shellPath = /bin/sh;
			shellScript = "# This shell script simply copies required SFML dylibs/frameworks into the application bundle frameworks folder.\n# If you're using static libraries (which is not recommended) you should remove this script from your project.\n\n# SETTINGS\nCMAKE_INSTALL_FRAMEWORK_PREFIX=\"/Library/Frameworks\"\nCMAKE_INSTALL_LIB_PREFIX=\"/usr/local/lib\"\nFRAMEWORKS_FULL_PATH=\"$BUILT_PRODUCTS_DIR/$FRAMEWORKS_FOLDER_PATH/\"\n\n# Are we building a project that uses frameworks or dylibs?\ncase \"$SFML_BINARY_TYPE\" in\n    DYLIBS)\n        frameworks=\"false\"\n        ;;\n    *)\n        frameworks=\"true\"\n        ;;\nesac\n\n# Echoes to stderr\nerror () # $* message to display\n{\n    echo $* 1>&2\n    exit 2\n}\n\nassert () # $1 is a boolean, $2...N is an error message\n{\n    if [ $# -lt 2 ]\n    then\n        error \"Internal error in assert: not enough args\"\n    fi\n\n    if [ $1 -ne 0 ]\n    then\n        shift\n        error \"$*\"\n    fi\n}\n\nforce_remove () # $@ is some paths\n{\n    test $# -ge 1\n    assert $? \"force_remove() requires at least one parameter\"\n    rm -fr $@\n    assert $? \"couldn't remove $@\"\n}\n\ncopy () # $1 is a source, $2 is a destination\n{\n    test $# -eq 2\n    assert $? \"copy() requires two parameters\"\n    ditto \"$1\" \"$2\"\n    assert $? \"couldn't copy $1 to $2\"\n}\n\nrequire () # $1 is a SFML module like 'system' or 'audio'\n{\n    dest=\"$BUILT_PRODUCTS_DIR/$FRAMEWORKS_FOLDER_PATH/\"\n\n    if [ -z \"$1\" ]\n    then\n        error \"require() requires one parameter!\"\n    else\n        # clean potentially old stuff\n        force_remove \"$dest/libsfml-$1\"*\n        force_remove \"$dest/sfml-$1.framework\"\n\n        # copy SFML libraries\n        if [ \"$frameworks\" = \"true\" ]\n        then\n            source=\"$CMAKE_INSTALL_FRAMEWORK_PREFIX/sfml-$1.framework\"\n            target=\"sfml-$1.framework\"\n        elif [ \"$SFML_LINK_DYLIBS_SUFFIX\" = \"-d\" ]\n        then\n            source=\"$CMAKE_INSTALL_LIB_PREFIX/libsfml-$1-d.dylib\"\n            target=\"`readlink $source`\"\n        else\n            source=\"$CMAKE_INSTALL_LIB_PREFIX/libsfml-$1.dylib\"\n            target=\"`readlink $source`\"\n        fi\n\n        copy \"$source\" \"$dest/$target\"\n\n        # copy extra dependencies\n        if [ \"$1\" = \"audio\" ]\n        then\n            # copy \"FLAC\" \"ogg\" \"vorbis\" \"vorbisenc\" \"vorbisfile\" \"OpenAL\" frameworks too\n            for f in \"FLAC\" \"ogg\" \"vorbis\" \"vorbisenc\" \"vorbisfile\" \"OpenAL\"\n            do\n                copy \"$CMAKE_INSTALL_FRAMEWORK_PREFIX/$f.framework\" \"$dest/$f.framework\"\n            done\n        elif [ \"$1\" = \"graphics\" ]\n        then\n            copy \"$CMAKE_INSTALL_FRAMEWORK_PREFIX/freetype.framework\" \"$dest/freetype.framework\"\n        fi\n    fi\n}\n\nif [ -n \"$SFML_SYSTEM\" ]\nthen\n    require \"system\"\nfi\n\nif [ -n \"$SFML_AUDIO\" ]\nthen\n    require \"audio\"\nfi\n\nif [ -n \"$SFML_NETWORK\" ]\nthen\n    require \"network\"\nfi\n\nif [ -n \"$SFML_WINDOW\" ]\nthen\n    require \"window\"\nfi\n\nif [ -n \"$SFML_GRAPHICS\" ]\nthen\n    require \"graphics\"\nfi\n\n                ";
		};
/* End PBXShellScriptBuildPhase section */

/* Begin PBXSourcesBuildPhase section */
		D06FF01E1F3BEEB2008B6B41 /* Sources */ = {
			isa = PBXSourcesBuildPhase;
			buildActionMask = 2147483647;
			files = (
				D0BF18951F62981900E36A2E /* MainMenuState.cpp in Sources */,
				D0643B1F1F8732F8007321E4 /* MusicManager.cpp in Sources */,
				D06FF02C1F3BEEB2008B6B41 /* main.cpp in Sources */,
				D0BF18891F62931400E36A2E /* PlayerSprite.cpp in Sources */,
				D0C7278A1F94B7BA00A88065 /* SquareWaveGenerator.asm in Sources */,
				D01305D21F9195EB0031F3C3 /* SpriteTextureManager.cpp in Sources */,
				D06FF0291F3BEEB2008B6B41 /* ResourcePath.mm in Sources */,
				D0BF188C1F6293D500E36A2E /* DisplayWindow.cpp in Sources */,
				D0C7278E1F9556CC00A88065 /* RectangleSprite.cpp in Sources */,
				D07BF4E81F96293F00AF60F6 /* TextManager.cpp in Sources */,
				D0BF189B1F649D1100E36A2E /* PlayState.cpp in Sources */,
				D07BF4ED1F96A72C00AF60F6 /* SoundManager.cpp in Sources */,
				D0BF18861F62906500E36A2E /* ParentState.cpp in Sources */,
				D0BF18831F628EE600E36A2E /* GameLoop.cpp in Sources */,
			);
			runOnlyForDeploymentPostprocessing = 0;
		};
/* End PBXSourcesBuildPhase section */

/* Begin XCBuildConfiguration section */
		D06FF0361F3BEEB2008B6B41 /* Debug */ = {
			isa = XCBuildConfiguration;
			buildSettings = {
				CLANG_CXX_LANGUAGE_STANDARD = "c++0x";
				CLANG_CXX_LIBRARY = "libc++";
				CLANG_WARN_BLOCK_CAPTURE_AUTORELEASING = YES;
				CLANG_WARN_BOOL_CONVERSION = YES;
				CLANG_WARN_COMMA = YES;
				CLANG_WARN_CONSTANT_CONVERSION = YES;
				CLANG_WARN_EMPTY_BODY = YES;
				CLANG_WARN_ENUM_CONVERSION = YES;
				CLANG_WARN_INFINITE_RECURSION = YES;
				CLANG_WARN_INT_CONVERSION = YES;
				CLANG_WARN_NON_LITERAL_NULL_CONVERSION = YES;
				CLANG_WARN_OBJC_LITERAL_CONVERSION = YES;
				CLANG_WARN_RANGE_LOOP_ANALYSIS = YES;
				CLANG_WARN_STRICT_PROTOTYPES = YES;
				CLANG_WARN_SUSPICIOUS_MOVE = YES;
				CLANG_WARN_UNREACHABLE_CODE = YES;
				CLANG_WARN__DUPLICATE_METHOD_MATCH = YES;
				ENABLE_STRICT_OBJC_MSGSEND = YES;
				ENABLE_TESTABILITY = YES;
				FRAMEWORK_SEARCH_PATHS = (
					/Library/Frameworks/,
					"$(inherited)",
				);
				GCC_NO_COMMON_BLOCKS = YES;
				GCC_VERSION = com.apple.compilers.llvm.clang.1_0;
				GCC_WARN_64_TO_32_BIT_CONVERSION = YES;
				GCC_WARN_ABOUT_RETURN_TYPE = YES;
				GCC_WARN_UNDECLARED_SELECTOR = YES;
				GCC_WARN_UNINITIALIZED_AUTOS = YES;
				GCC_WARN_UNUSED_FUNCTION = YES;
				GCC_WARN_UNUSED_VARIABLE = YES;
				HEADER_SEARCH_PATHS = (
					/usr/local/include/,
					"$(inherited)",
				);
				LIBRARY_SEARCH_PATHS = (
					/usr/local/lib/,
					"$(inherited)",
				);
				MACOSX_DEPLOYMENT_TARGET = 10.7;
				ONLY_ACTIVE_ARCH = YES;
				OTHER_LDFLAGS = (
					"$(inherited)",
					"$(SFML_SYSTEM)",
					"$(SFML_WINDOW)",
					"$(SFML_GRAPHICS)",
					"$(SFML_AUDIO)",
					"$(SFML_NETWORK)",
				);
				SFML_AUDIO = "$(SFML_LINK_PREFIX) sfml-audio$(SFML_LINK_SUFFIX)";
				SFML_BINARY_TYPE = FRAMEWORKS;
				SFML_GRAPHICS = "$(SFML_LINK_PREFIX) sfml-graphics$(SFML_LINK_SUFFIX)";
				SFML_LINK_DYLIBS_PREFIX = "-l";
				SFML_LINK_DYLIBS_SUFFIX = "";
				SFML_LINK_FRAMEWORKS_PREFIX = "-framework";
				SFML_LINK_FRAMEWORKS_SUFFIX = "";
				SFML_LINK_PREFIX = "$(SFML_LINK_$(SFML_BINARY_TYPE)_PREFIX)";
				SFML_LINK_SUFFIX = "$(SFML_LINK_$(SFML_BINARY_TYPE)_SUFFIX)";
				SFML_NETWORK = "$(SFML_LINK_PREFIX) sfml-network$(SFML_LINK_SUFFIX)";
				SFML_SYSTEM = "$(SFML_LINK_PREFIX) sfml-system$(SFML_LINK_SUFFIX)";
				SFML_WINDOW = "$(SFML_LINK_PREFIX) sfml-window$(SFML_LINK_SUFFIX)";
				SUPPORTED_PLATFORMS = macosx;
			};
			name = Debug;
		};
		D06FF0371F3BEEB2008B6B41 /* Release */ = {
			isa = XCBuildConfiguration;
			buildSettings = {
				CLANG_CXX_LANGUAGE_STANDARD = "c++0x";
				CLANG_CXX_LIBRARY = "libc++";
				CLANG_WARN_BLOCK_CAPTURE_AUTORELEASING = YES;
				CLANG_WARN_BOOL_CONVERSION = YES;
				CLANG_WARN_COMMA = YES;
				CLANG_WARN_CONSTANT_CONVERSION = YES;
				CLANG_WARN_EMPTY_BODY = YES;
				CLANG_WARN_ENUM_CONVERSION = YES;
				CLANG_WARN_INFINITE_RECURSION = YES;
				CLANG_WARN_INT_CONVERSION = YES;
				CLANG_WARN_NON_LITERAL_NULL_CONVERSION = YES;
				CLANG_WARN_OBJC_LITERAL_CONVERSION = YES;
				CLANG_WARN_RANGE_LOOP_ANALYSIS = YES;
				CLANG_WARN_STRICT_PROTOTYPES = YES;
				CLANG_WARN_SUSPICIOUS_MOVE = YES;
				CLANG_WARN_UNREACHABLE_CODE = YES;
				CLANG_WARN__DUPLICATE_METHOD_MATCH = YES;
				ENABLE_STRICT_OBJC_MSGSEND = YES;
				FRAMEWORK_SEARCH_PATHS = (
					/Library/Frameworks/,
					"$(inherited)",
				);
				GCC_NO_COMMON_BLOCKS = YES;
				GCC_VERSION = com.apple.compilers.llvm.clang.1_0;
				GCC_WARN_64_TO_32_BIT_CONVERSION = YES;
				GCC_WARN_ABOUT_RETURN_TYPE = YES;
				GCC_WARN_UNDECLARED_SELECTOR = YES;
				GCC_WARN_UNINITIALIZED_AUTOS = YES;
				GCC_WARN_UNUSED_FUNCTION = YES;
				GCC_WARN_UNUSED_VARIABLE = YES;
				HEADER_SEARCH_PATHS = (
					/usr/local/include/,
					"$(inherited)",
				);
				LIBRARY_SEARCH_PATHS = (
					/usr/local/lib/,
					"$(inherited)",
				);
				MACOSX_DEPLOYMENT_TARGET = 10.7;
				OTHER_LDFLAGS = (
					"$(inherited)",
					"$(SFML_SYSTEM)",
					"$(SFML_WINDOW)",
					"$(SFML_GRAPHICS)",
					"$(SFML_AUDIO)",
					"$(SFML_NETWORK)",
				);
				SFML_AUDIO = "$(SFML_LINK_PREFIX) sfml-audio$(SFML_LINK_SUFFIX)";
				SFML_BINARY_TYPE = FRAMEWORKS;
				SFML_GRAPHICS = "$(SFML_LINK_PREFIX) sfml-graphics$(SFML_LINK_SUFFIX)";
				SFML_LINK_DYLIBS_PREFIX = "-l";
				SFML_LINK_DYLIBS_SUFFIX = "";
				SFML_LINK_FRAMEWORKS_PREFIX = "-framework";
				SFML_LINK_FRAMEWORKS_SUFFIX = "";
				SFML_LINK_PREFIX = "$(SFML_LINK_$(SFML_BINARY_TYPE)_PREFIX)";
				SFML_LINK_SUFFIX = "$(SFML_LINK_$(SFML_BINARY_TYPE)_SUFFIX)";
				SFML_NETWORK = "$(SFML_LINK_PREFIX) sfml-network$(SFML_LINK_SUFFIX)";
				SFML_SYSTEM = "$(SFML_LINK_PREFIX) sfml-system$(SFML_LINK_SUFFIX)";
				SFML_WINDOW = "$(SFML_LINK_PREFIX) sfml-window$(SFML_LINK_SUFFIX)";
				SUPPORTED_PLATFORMS = macosx;
			};
			name = Release;
		};
		D06FF0391F3BEEB2008B6B41 /* Debug */ = {
			isa = XCBuildConfiguration;
			buildSettings = {
				CLANG_CXX_LANGUAGE_STANDARD = "c++14";
				DEVELOPMENT_TEAM = 4C6J8XYC3B;
				INFOPLIST_FILE = "Frontier/Frontier-Info.plist";
				LD_RUNPATH_SEARCH_PATHS = "@loader_path/../Frameworks";
				PRODUCT_BUNDLE_IDENTIFIER = "com.AlaskaDev.${PRODUCT_NAME:rfc1034identifier}";
				PRODUCT_NAME = "$(TARGET_NAME)";
			};
			name = Debug;
		};
		D06FF03A1F3BEEB2008B6B41 /* Release */ = {
			isa = XCBuildConfiguration;
			buildSettings = {
				CLANG_CXX_LANGUAGE_STANDARD = "c++14";
				DEVELOPMENT_TEAM = 4C6J8XYC3B;
				INFOPLIST_FILE = "Frontier/Frontier-Info.plist";
				LD_RUNPATH_SEARCH_PATHS = "@loader_path/../Frameworks";
				PRODUCT_BUNDLE_IDENTIFIER = "com.AlaskaDev.${PRODUCT_NAME:rfc1034identifier}";
				PRODUCT_NAME = "$(TARGET_NAME)";
			};
			name = Release;
		};
/* End XCBuildConfiguration section */

/* Begin XCConfigurationList section */
		D06FF01D1F3BEEB2008B6B41 /* Build configuration list for PBXProject "Frontier" */ = {
			isa = XCConfigurationList;
			buildConfigurations = (
				D06FF0361F3BEEB2008B6B41 /* Debug */,
				D06FF0371F3BEEB2008B6B41 /* Release */,
			);
			defaultConfigurationIsVisible = 0;
			defaultConfigurationName = Release;
		};
		D06FF0381F3BEEB2008B6B41 /* Build configuration list for PBXNativeTarget "Frontier" */ = {
			isa = XCConfigurationList;
			buildConfigurations = (
				D06FF0391F3BEEB2008B6B41 /* Debug */,
				D06FF03A1F3BEEB2008B6B41 /* Release */,
			);
			defaultConfigurationIsVisible = 0;
			defaultConfigurationName = Release;
		};
/* End XCConfigurationList section */
	};
	rootObject = D06FF01A1F3BEEB2008B6B41 /* Project object */;
}
